// !$*UTF8*$!
{
	archiveVersion = 1;
	classes = {
	};
	objectVersion = 56;
	objects = {

/* Begin PBXBuildFile section */
		044A958A2ABA93DA00B17B9C /* PrivateBrowserViewController.swift in Sources */ = {isa = PBXBuildFile; fileRef = 044A95892ABA93DA00B17B9C /* PrivateBrowserViewController.swift */; };
		0460AF3D2ACD445600DA66A7 /* CompressVideoViewController.swift in Sources */ = {isa = PBXBuildFile; fileRef = 0460AF3C2ACD445600DA66A7 /* CompressVideoViewController.swift */; };
		048E9B852AC6778800E3833C /* ShowImageViewController.swift in Sources */ = {isa = PBXBuildFile; fileRef = 048E9B842AC6778800E3833C /* ShowImageViewController.swift */; };
		04A70C582AC5BEEA0042D810 /* PrivatePhotosCollectionViewCell.swift in Sources */ = {isa = PBXBuildFile; fileRef = 04A70C562AC5BEEA0042D810 /* PrivatePhotosCollectionViewCell.swift */; };
		04A70C592AC5BEEA0042D810 /* PrivatePhotosCollectionViewCell.xib in Resources */ = {isa = PBXBuildFile; fileRef = 04A70C572AC5BEEA0042D810 /* PrivatePhotosCollectionViewCell.xib */; };
		04FFD0F72A848E7500CB3646 /* CleanViewController.swift in Sources */ = {isa = PBXBuildFile; fileRef = 04FFD0F62A848E7500CB3646 /* CleanViewController.swift */; };
		0F17E3D38029462C98AAB67E /* Pods_Cleaner.framework in Frameworks */ = {isa = PBXBuildFile; fileRef = 3CB2D8FD5116621A3E63EE72 /* Pods_Cleaner.framework */; };
		9A55946A2AC418AA00E2733D /* PrivatePhotosViewController.swift in Sources */ = {isa = PBXBuildFile; fileRef = 9A5594692AC418AA00E2733D /* PrivatePhotosViewController.swift */; };
		9A842F2F2A8F5EA200A7603E /* SimilarViewController.swift in Sources */ = {isa = PBXBuildFile; fileRef = 9A842F2E2A8F5EA200A7603E /* SimilarViewController.swift */; };
		9A842F312A8F5EB400A7603E /* DuplicatedViewController.swift in Sources */ = {isa = PBXBuildFile; fileRef = 9A842F302A8F5EB400A7603E /* DuplicatedViewController.swift */; };
		9A9A48432A6F7947000D4705 /* HomeViewController.swift in Sources */ = {isa = PBXBuildFile; fileRef = 9A9A48422A6F7947000D4705 /* HomeViewController.swift */; };
		9A9A48462A6F7F26000D4705 /* SpeedTestViewController.swift in Sources */ = {isa = PBXBuildFile; fileRef = 9A9A48452A6F7F26000D4705 /* SpeedTestViewController.swift */; };
		9AA7E5302A935ECB0035EEA7 /* SimilarCollectionViewCell.swift in Sources */ = {isa = PBXBuildFile; fileRef = 9AA7E52E2A935ECB0035EEA7 /* SimilarCollectionViewCell.swift */; };
		9AA7E5312A935ECB0035EEA7 /* SimilarCollectionViewCell.xib in Resources */ = {isa = PBXBuildFile; fileRef = 9AA7E52F2A935ECB0035EEA7 /* SimilarCollectionViewCell.xib */; };
		9AAF3F0A2A95EA2000D6B153 /* DuplicatedTableViewCell.swift in Sources */ = {isa = PBXBuildFile; fileRef = 9AAF3F082A95EA2000D6B153 /* DuplicatedTableViewCell.swift */; };
		9AAF3F0B2A95EA2000D6B153 /* DuplicatedTableViewCell.xib in Resources */ = {isa = PBXBuildFile; fileRef = 9AAF3F092A95EA2000D6B153 /* DuplicatedTableViewCell.xib */; };
		9AAF3F0E2A95F32E00D6B153 /* DuplicatedCollectionViewCell.swift in Sources */ = {isa = PBXBuildFile; fileRef = 9AAF3F0C2A95F32E00D6B153 /* DuplicatedCollectionViewCell.swift */; };
		9AAF3F0F2A95F32E00D6B153 /* DuplicatedCollectionViewCell.xib in Resources */ = {isa = PBXBuildFile; fileRef = 9AAF3F0D2A95F32E00D6B153 /* DuplicatedCollectionViewCell.xib */; };
		9AB8E2CE2A89CB9B008FA25A /* ScreenshotsViewController.swift in Sources */ = {isa = PBXBuildFile; fileRef = 9AB8E2CD2A89CB9B008FA25A /* ScreenshotsViewController.swift */; };
		9AB8E2D12A89CE58008FA25A /* ScreenshotsCollectionViewCell.swift in Sources */ = {isa = PBXBuildFile; fileRef = 9AB8E2CF2A89CE58008FA25A /* ScreenshotsCollectionViewCell.swift */; };
		9AB8E2D22A89CE58008FA25A /* ScreenshotsCollectionViewCell.xib in Resources */ = {isa = PBXBuildFile; fileRef = 9AB8E2D02A89CE58008FA25A /* ScreenshotsCollectionViewCell.xib */; };
		9ABABC532A78AD0000E44E8B /* FileManagerTableViewCell.swift in Sources */ = {isa = PBXBuildFile; fileRef = 9ABABC512A78AD0000E44E8B /* FileManagerTableViewCell.swift */; };
		9ABABC542A78AD0000E44E8B /* FileManagerTableViewCell.xib in Resources */ = {isa = PBXBuildFile; fileRef = 9ABABC522A78AD0000E44E8B /* FileManagerTableViewCell.xib */; };
		9ABEAA0E2A930F450036F2C9 /* SimilarTableViewCell.swift in Sources */ = {isa = PBXBuildFile; fileRef = 9ABEAA0C2A930F450036F2C9 /* SimilarTableViewCell.swift */; };
		9ABEAA0F2A930F450036F2C9 /* SimilarTableViewCell.xib in Resources */ = {isa = PBXBuildFile; fileRef = 9ABEAA0D2A930F450036F2C9 /* SimilarTableViewCell.xib */; };
		9AD4D6602A5FD5A000146E9B /* AppDelegate.swift in Sources */ = {isa = PBXBuildFile; fileRef = 9AD4D65F2A5FD5A000146E9B /* AppDelegate.swift */; };
		9AD4D6622A5FD5A000146E9B /* SceneDelegate.swift in Sources */ = {isa = PBXBuildFile; fileRef = 9AD4D6612A5FD5A000146E9B /* SceneDelegate.swift */; };
		9AD4D6672A5FD5A000146E9B /* Main.storyboard in Resources */ = {isa = PBXBuildFile; fileRef = 9AD4D6652A5FD5A000146E9B /* Main.storyboard */; };
		9AD4D6692A5FD5A200146E9B /* Assets.xcassets in Resources */ = {isa = PBXBuildFile; fileRef = 9AD4D6682A5FD5A200146E9B /* Assets.xcassets */; };
		9AD4D66C2A5FD5A200146E9B /* LaunchScreen.storyboard in Resources */ = {isa = PBXBuildFile; fileRef = 9AD4D66A2A5FD5A200146E9B /* LaunchScreen.storyboard */; };
/* End PBXBuildFile section */

/* Begin PBXFileReference section */
		044A95892ABA93DA00B17B9C /* PrivateBrowserViewController.swift */ = {isa = PBXFileReference; lastKnownFileType = sourcecode.swift; path = PrivateBrowserViewController.swift; sourceTree = "<group>"; };
		0460AF3C2ACD445600DA66A7 /* CompressVideoViewController.swift */ = {isa = PBXFileReference; lastKnownFileType = sourcecode.swift; path = CompressVideoViewController.swift; sourceTree = "<group>"; };
		048E9B842AC6778800E3833C /* ShowImageViewController.swift */ = {isa = PBXFileReference; lastKnownFileType = sourcecode.swift; path = ShowImageViewController.swift; sourceTree = "<group>"; };
		04A70C562AC5BEEA0042D810 /* PrivatePhotosCollectionViewCell.swift */ = {isa = PBXFileReference; lastKnownFileType = sourcecode.swift; path = PrivatePhotosCollectionViewCell.swift; sourceTree = "<group>"; };
		04A70C572AC5BEEA0042D810 /* PrivatePhotosCollectionViewCell.xib */ = {isa = PBXFileReference; lastKnownFileType = file.xib; path = PrivatePhotosCollectionViewCell.xib; sourceTree = "<group>"; };
		04FFD0F62A848E7500CB3646 /* CleanViewController.swift */ = {isa = PBXFileReference; lastKnownFileType = sourcecode.swift; path = CleanViewController.swift; sourceTree = "<group>"; };
		3CB2D8FD5116621A3E63EE72 /* Pods_Cleaner.framework */ = {isa = PBXFileReference; explicitFileType = wrapper.framework; includeInIndex = 0; path = Pods_Cleaner.framework; sourceTree = BUILT_PRODUCTS_DIR; };
		5F082DA3BF0FFCFA12C4AA7C /* Pods-Cleaner.release.xcconfig */ = {isa = PBXFileReference; includeInIndex = 1; lastKnownFileType = text.xcconfig; name = "Pods-Cleaner.release.xcconfig"; path = "Target Support Files/Pods-Cleaner/Pods-Cleaner.release.xcconfig"; sourceTree = "<group>"; };
		7FC868B58273420DD37DC571 /* Pods-Cleaner.debug.xcconfig */ = {isa = PBXFileReference; includeInIndex = 1; lastKnownFileType = text.xcconfig; name = "Pods-Cleaner.debug.xcconfig"; path = "Target Support Files/Pods-Cleaner/Pods-Cleaner.debug.xcconfig"; sourceTree = "<group>"; };
		9A5594692AC418AA00E2733D /* PrivatePhotosViewController.swift */ = {isa = PBXFileReference; lastKnownFileType = sourcecode.swift; path = PrivatePhotosViewController.swift; sourceTree = "<group>"; };
		9A842F2E2A8F5EA200A7603E /* SimilarViewController.swift */ = {isa = PBXFileReference; lastKnownFileType = sourcecode.swift; path = SimilarViewController.swift; sourceTree = "<group>"; };
		9A842F302A8F5EB400A7603E /* DuplicatedViewController.swift */ = {isa = PBXFileReference; lastKnownFileType = sourcecode.swift; path = DuplicatedViewController.swift; sourceTree = "<group>"; };
		9A9A48422A6F7947000D4705 /* HomeViewController.swift */ = {isa = PBXFileReference; lastKnownFileType = sourcecode.swift; path = HomeViewController.swift; sourceTree = "<group>"; };
		9A9A48452A6F7F26000D4705 /* SpeedTestViewController.swift */ = {isa = PBXFileReference; lastKnownFileType = sourcecode.swift; path = SpeedTestViewController.swift; sourceTree = "<group>"; };
		9AA7E52E2A935ECB0035EEA7 /* SimilarCollectionViewCell.swift */ = {isa = PBXFileReference; lastKnownFileType = sourcecode.swift; path = SimilarCollectionViewCell.swift; sourceTree = "<group>"; };
		9AA7E52F2A935ECB0035EEA7 /* SimilarCollectionViewCell.xib */ = {isa = PBXFileReference; lastKnownFileType = file.xib; path = SimilarCollectionViewCell.xib; sourceTree = "<group>"; };
		9AAF3F082A95EA2000D6B153 /* DuplicatedTableViewCell.swift */ = {isa = PBXFileReference; lastKnownFileType = sourcecode.swift; path = DuplicatedTableViewCell.swift; sourceTree = "<group>"; };
		9AAF3F092A95EA2000D6B153 /* DuplicatedTableViewCell.xib */ = {isa = PBXFileReference; lastKnownFileType = file.xib; path = DuplicatedTableViewCell.xib; sourceTree = "<group>"; };
		9AAF3F0C2A95F32E00D6B153 /* DuplicatedCollectionViewCell.swift */ = {isa = PBXFileReference; lastKnownFileType = sourcecode.swift; path = DuplicatedCollectionViewCell.swift; sourceTree = "<group>"; };
		9AAF3F0D2A95F32E00D6B153 /* DuplicatedCollectionViewCell.xib */ = {isa = PBXFileReference; lastKnownFileType = file.xib; path = DuplicatedCollectionViewCell.xib; sourceTree = "<group>"; };
		9AB8E2CD2A89CB9B008FA25A /* ScreenshotsViewController.swift */ = {isa = PBXFileReference; lastKnownFileType = sourcecode.swift; path = ScreenshotsViewController.swift; sourceTree = "<group>"; };
		9AB8E2CF2A89CE58008FA25A /* ScreenshotsCollectionViewCell.swift */ = {isa = PBXFileReference; lastKnownFileType = sourcecode.swift; path = ScreenshotsCollectionViewCell.swift; sourceTree = "<group>"; };
		9AB8E2D02A89CE58008FA25A /* ScreenshotsCollectionViewCell.xib */ = {isa = PBXFileReference; lastKnownFileType = file.xib; path = ScreenshotsCollectionViewCell.xib; sourceTree = "<group>"; };
		9ABABC512A78AD0000E44E8B /* FileManagerTableViewCell.swift */ = {isa = PBXFileReference; lastKnownFileType = sourcecode.swift; path = FileManagerTableViewCell.swift; sourceTree = "<group>"; };
		9ABABC522A78AD0000E44E8B /* FileManagerTableViewCell.xib */ = {isa = PBXFileReference; lastKnownFileType = file.xib; path = FileManagerTableViewCell.xib; sourceTree = "<group>"; };
		9ABEAA0C2A930F450036F2C9 /* SimilarTableViewCell.swift */ = {isa = PBXFileReference; lastKnownFileType = sourcecode.swift; path = SimilarTableViewCell.swift; sourceTree = "<group>"; };
		9ABEAA0D2A930F450036F2C9 /* SimilarTableViewCell.xib */ = {isa = PBXFileReference; lastKnownFileType = file.xib; path = SimilarTableViewCell.xib; sourceTree = "<group>"; };
		9AD4D65C2A5FD5A000146E9B /* Cleaner.app */ = {isa = PBXFileReference; explicitFileType = wrapper.application; includeInIndex = 0; path = Cleaner.app; sourceTree = BUILT_PRODUCTS_DIR; };
		9AD4D65F2A5FD5A000146E9B /* AppDelegate.swift */ = {isa = PBXFileReference; lastKnownFileType = sourcecode.swift; path = AppDelegate.swift; sourceTree = "<group>"; };
		9AD4D6612A5FD5A000146E9B /* SceneDelegate.swift */ = {isa = PBXFileReference; lastKnownFileType = sourcecode.swift; path = SceneDelegate.swift; sourceTree = "<group>"; };
		9AD4D6662A5FD5A000146E9B /* Base */ = {isa = PBXFileReference; lastKnownFileType = file.storyboard; name = Base; path = Base.lproj/Main.storyboard; sourceTree = "<group>"; };
		9AD4D6682A5FD5A200146E9B /* Assets.xcassets */ = {isa = PBXFileReference; lastKnownFileType = folder.assetcatalog; path = Assets.xcassets; sourceTree = "<group>"; };
		9AD4D66B2A5FD5A200146E9B /* Base */ = {isa = PBXFileReference; lastKnownFileType = file.storyboard; name = Base; path = Base.lproj/LaunchScreen.storyboard; sourceTree = "<group>"; };
		9AD4D66D2A5FD5A200146E9B /* Info.plist */ = {isa = PBXFileReference; lastKnownFileType = text.plist.xml; path = Info.plist; sourceTree = "<group>"; };
/* End PBXFileReference section */

/* Begin PBXFrameworksBuildPhase section */
		9AD4D6592A5FD5A000146E9B /* Frameworks */ = {
			isa = PBXFrameworksBuildPhase;
			buildActionMask = 2147483647;
			files = (
				0F17E3D38029462C98AAB67E /* Pods_Cleaner.framework in Frameworks */,
			);
			runOnlyForDeploymentPostprocessing = 0;
		};
/* End PBXFrameworksBuildPhase section */

/* Begin PBXGroup section */
		59093189CC83E2FCC7AE5C60 /* Frameworks */ = {
			isa = PBXGroup;
			children = (
				3CB2D8FD5116621A3E63EE72 /* Pods_Cleaner.framework */,
			);
			name = Frameworks;
			sourceTree = "<group>";
		};
		7DB8B37FFAA6B20EEDA52B2E /* Pods */ = {
			isa = PBXGroup;
			children = (
				7FC868B58273420DD37DC571 /* Pods-Cleaner.debug.xcconfig */,
				5F082DA3BF0FFCFA12C4AA7C /* Pods-Cleaner.release.xcconfig */,
			);
			path = Pods;
			sourceTree = "<group>";
		};
		9A9A48442A6F7F0E000D4705 /* SubHomeViewController */ = {
			isa = PBXGroup;
			children = (
				04FFD0F62A848E7500CB3646 /* CleanViewController.swift */,
				044A95892ABA93DA00B17B9C /* PrivateBrowserViewController.swift */,
				9A5594692AC418AA00E2733D /* PrivatePhotosViewController.swift */,
				0460AF3C2ACD445600DA66A7 /* CompressVideoViewController.swift */,
				9A9A48452A6F7F26000D4705 /* SpeedTestViewController.swift */,
				048E9B842AC6778800E3833C /* ShowImageViewController.swift */,
			);
			path = SubHomeViewController;
			sourceTree = "<group>";
		};
		9AB8E2CC2A89CB6A008FA25A /* SubCleanViewController */ = {
			isa = PBXGroup;
			children = (
				9AB8E2CD2A89CB9B008FA25A /* ScreenshotsViewController.swift */,
				9A842F2E2A8F5EA200A7603E /* SimilarViewController.swift */,
				9A842F302A8F5EB400A7603E /* DuplicatedViewController.swift */,
			);
			path = SubCleanViewController;
			sourceTree = "<group>";
		};
		9ABABC552A78AD4A00E44E8B /* CollectionViewCell */ = {
			isa = PBXGroup;
			children = (
				9AB8E2CF2A89CE58008FA25A /* ScreenshotsCollectionViewCell.swift */,
				9AB8E2D02A89CE58008FA25A /* ScreenshotsCollectionViewCell.xib */,
				9AA7E52E2A935ECB0035EEA7 /* SimilarCollectionViewCell.swift */,
				9AA7E52F2A935ECB0035EEA7 /* SimilarCollectionViewCell.xib */,
				9AAF3F0C2A95F32E00D6B153 /* DuplicatedCollectionViewCell.swift */,
				9AAF3F0D2A95F32E00D6B153 /* DuplicatedCollectionViewCell.xib */,
				04A70C562AC5BEEA0042D810 /* PrivatePhotosCollectionViewCell.swift */,
				04A70C572AC5BEEA0042D810 /* PrivatePhotosCollectionViewCell.xib */,
			);
			path = CollectionViewCell;
			sourceTree = "<group>";
		};
		9AC5577A2A7767750038CC35 /* TableViewCell */ = {
			isa = PBXGroup;
			children = (
				9ABABC512A78AD0000E44E8B /* FileManagerTableViewCell.swift */,
				9ABABC522A78AD0000E44E8B /* FileManagerTableViewCell.xib */,
				9ABEAA0C2A930F450036F2C9 /* SimilarTableViewCell.swift */,
				9ABEAA0D2A930F450036F2C9 /* SimilarTableViewCell.xib */,
				9AAF3F082A95EA2000D6B153 /* DuplicatedTableViewCell.swift */,
				9AAF3F092A95EA2000D6B153 /* DuplicatedTableViewCell.xib */,
			);
			path = TableViewCell;
			sourceTree = "<group>";
		};
		9AD4D6532A5FD5A000146E9B = {
			isa = PBXGroup;
			children = (
				9AD4D65E2A5FD5A000146E9B /* Cleaner */,
				9AD4D65D2A5FD5A000146E9B /* Products */,
				7DB8B37FFAA6B20EEDA52B2E /* Pods */,
				59093189CC83E2FCC7AE5C60 /* Frameworks */,
			);
			sourceTree = "<group>";
		};
		9AD4D65D2A5FD5A000146E9B /* Products */ = {
			isa = PBXGroup;
			children = (
				9AD4D65C2A5FD5A000146E9B /* Cleaner.app */,
			);
			name = Products;
			sourceTree = "<group>";
		};
		9AD4D65E2A5FD5A000146E9B /* Cleaner */ = {
			isa = PBXGroup;
			children = (
				9A9A48422A6F7947000D4705 /* HomeViewController.swift */,
				9A9A48442A6F7F0E000D4705 /* SubHomeViewController */,
				9AB8E2CC2A89CB6A008FA25A /* SubCleanViewController */,
				9AC5577A2A7767750038CC35 /* TableViewCell */,
				9ABABC552A78AD4A00E44E8B /* CollectionViewCell */,
				9AD4D65F2A5FD5A000146E9B /* AppDelegate.swift */,
				9AD4D6612A5FD5A000146E9B /* SceneDelegate.swift */,
				9AD4D6652A5FD5A000146E9B /* Main.storyboard */,
				9AD4D6682A5FD5A200146E9B /* Assets.xcassets */,
				9AD4D66A2A5FD5A200146E9B /* LaunchScreen.storyboard */,
				9AD4D66D2A5FD5A200146E9B /* Info.plist */,
			);
			path = Cleaner;
			sourceTree = "<group>";
		};
/* End PBXGroup section */

/* Begin PBXNativeTarget section */
		9AD4D65B2A5FD5A000146E9B /* Cleaner */ = {
			isa = PBXNativeTarget;
			buildConfigurationList = 9AD4D6702A5FD5A200146E9B /* Build configuration list for PBXNativeTarget "Cleaner" */;
			buildPhases = (
				78336E345A1A612F2BFC9247 /* [CP] Check Pods Manifest.lock */,
				9AD4D6582A5FD5A000146E9B /* Sources */,
				9AD4D6592A5FD5A000146E9B /* Frameworks */,
				9AD4D65A2A5FD5A000146E9B /* Resources */,
				6ABA1D35675C10E9B17FD59D /* [CP] Embed Pods Frameworks */,
			);
			buildRules = (
			);
			dependencies = (
			);
			name = Cleaner;
			productName = Cleaner;
			productReference = 9AD4D65C2A5FD5A000146E9B /* Cleaner.app */;
			productType = "com.apple.product-type.application";
		};
/* End PBXNativeTarget section */

/* Begin PBXProject section */
		9AD4D6542A5FD5A000146E9B /* Project object */ = {
			isa = PBXProject;
			attributes = {
				BuildIndependentTargetsInParallel = 1;
				LastSwiftUpdateCheck = 1430;
				LastUpgradeCheck = 1430;
				TargetAttributes = {
					9AD4D65B2A5FD5A000146E9B = {
						CreatedOnToolsVersion = 14.3.1;
					};
				};
			};
			buildConfigurationList = 9AD4D6572A5FD5A000146E9B /* Build configuration list for PBXProject "Cleaner" */;
			compatibilityVersion = "Xcode 14.0";
			developmentRegion = en;
			hasScannedForEncodings = 0;
			knownRegions = (
				en,
				Base,
			);
			mainGroup = 9AD4D6532A5FD5A000146E9B;
			productRefGroup = 9AD4D65D2A5FD5A000146E9B /* Products */;
			projectDirPath = "";
			projectRoot = "";
			targets = (
				9AD4D65B2A5FD5A000146E9B /* Cleaner */,
			);
		};
/* End PBXProject section */

/* Begin PBXResourcesBuildPhase section */
		9AD4D65A2A5FD5A000146E9B /* Resources */ = {
			isa = PBXResourcesBuildPhase;
			buildActionMask = 2147483647;
			files = (
				9AD4D66C2A5FD5A200146E9B /* LaunchScreen.storyboard in Resources */,
				9ABEAA0F2A930F450036F2C9 /* SimilarTableViewCell.xib in Resources */,
				9AD4D6692A5FD5A200146E9B /* Assets.xcassets in Resources */,
				9AAF3F0F2A95F32E00D6B153 /* DuplicatedCollectionViewCell.xib in Resources */,
				9AD4D6672A5FD5A000146E9B /* Main.storyboard in Resources */,
				9AB8E2D22A89CE58008FA25A /* ScreenshotsCollectionViewCell.xib in Resources */,
				9AA7E5312A935ECB0035EEA7 /* SimilarCollectionViewCell.xib in Resources */,
				9AAF3F0B2A95EA2000D6B153 /* DuplicatedTableViewCell.xib in Resources */,
				9ABABC542A78AD0000E44E8B /* FileManagerTableViewCell.xib in Resources */,
				04A70C592AC5BEEA0042D810 /* PrivatePhotosCollectionViewCell.xib in Resources */,
			);
			runOnlyForDeploymentPostprocessing = 0;
		};
/* End PBXResourcesBuildPhase section */

/* Begin PBXShellScriptBuildPhase section */
		6ABA1D35675C10E9B17FD59D /* [CP] Embed Pods Frameworks */ = {
			isa = PBXShellScriptBuildPhase;
			buildActionMask = 2147483647;
			files = (
			);
			inputFileListPaths = (
				"${PODS_ROOT}/Target Support Files/Pods-Cleaner/Pods-Cleaner-frameworks-${CONFIGURATION}-input-files.xcfilelist",
			);
			name = "[CP] Embed Pods Frameworks";
			outputFileListPaths = (
				"${PODS_ROOT}/Target Support Files/Pods-Cleaner/Pods-Cleaner-frameworks-${CONFIGURATION}-output-files.xcfilelist",
			);
			runOnlyForDeploymentPostprocessing = 0;
			shellPath = /bin/sh;
			shellScript = "\"${PODS_ROOT}/Target Support Files/Pods-Cleaner/Pods-Cleaner-frameworks.sh\"\n";
			showEnvVarsInLog = 0;
		};
		78336E345A1A612F2BFC9247 /* [CP] Check Pods Manifest.lock */ = {
			isa = PBXShellScriptBuildPhase;
			buildActionMask = 2147483647;
			files = (
			);
			inputFileListPaths = (
			);
			inputPaths = (
				"${PODS_PODFILE_DIR_PATH}/Podfile.lock",
				"${PODS_ROOT}/Manifest.lock",
			);
			name = "[CP] Check Pods Manifest.lock";
			outputFileListPaths = (
			);
			outputPaths = (
				"$(DERIVED_FILE_DIR)/Pods-Cleaner-checkManifestLockResult.txt",
			);
			runOnlyForDeploymentPostprocessing = 0;
			shellPath = /bin/sh;
			shellScript = "diff \"${PODS_PODFILE_DIR_PATH}/Podfile.lock\" \"${PODS_ROOT}/Manifest.lock\" > /dev/null\nif [ $? != 0 ] ; then\n    # print error to STDERR\n    echo \"error: The sandbox is not in sync with the Podfile.lock. Run 'pod install' or update your CocoaPods installation.\" >&2\n    exit 1\nfi\n# This output is used by Xcode 'outputs' to avoid re-running this script phase.\necho \"SUCCESS\" > \"${SCRIPT_OUTPUT_FILE_0}\"\n";
			showEnvVarsInLog = 0;
		};
/* End PBXShellScriptBuildPhase section */

/* Begin PBXSourcesBuildPhase section */
		9AD4D6582A5FD5A000146E9B /* Sources */ = {
			isa = PBXSourcesBuildPhase;
			buildActionMask = 2147483647;
			files = (
				9ABEAA0E2A930F450036F2C9 /* SimilarTableViewCell.swift in Sources */,
				9A9A48462A6F7F26000D4705 /* SpeedTestViewController.swift in Sources */,
				9AB8E2D12A89CE58008FA25A /* ScreenshotsCollectionViewCell.swift in Sources */,
				9AB8E2CE2A89CB9B008FA25A /* ScreenshotsViewController.swift in Sources */,
				04FFD0F72A848E7500CB3646 /* CleanViewController.swift in Sources */,
				9AD4D6602A5FD5A000146E9B /* AppDelegate.swift in Sources */,
				9A842F2F2A8F5EA200A7603E /* SimilarViewController.swift in Sources */,
				9AAF3F0A2A95EA2000D6B153 /* DuplicatedTableViewCell.swift in Sources */,
				0460AF3D2ACD445600DA66A7 /* CompressVideoViewController.swift in Sources */,
				9A842F312A8F5EB400A7603E /* DuplicatedViewController.swift in Sources */,
				9A55946A2AC418AA00E2733D /* PrivatePhotosViewController.swift in Sources */,
				9AAF3F0E2A95F32E00D6B153 /* DuplicatedCollectionViewCell.swift in Sources */,
				9ABABC532A78AD0000E44E8B /* FileManagerTableViewCell.swift in Sources */,
				044A958A2ABA93DA00B17B9C /* PrivateBrowserViewController.swift in Sources */,
				048E9B852AC6778800E3833C /* ShowImageViewController.swift in Sources */,
				9AD4D6622A5FD5A000146E9B /* SceneDelegate.swift in Sources */,
				04A70C582AC5BEEA0042D810 /* PrivatePhotosCollectionViewCell.swift in Sources */,
				9A9A48432A6F7947000D4705 /* HomeViewController.swift in Sources */,
				9AA7E5302A935ECB0035EEA7 /* SimilarCollectionViewCell.swift in Sources */,
			);
			runOnlyForDeploymentPostprocessing = 0;
		};
/* End PBXSourcesBuildPhase section */

/* Begin PBXVariantGroup section */
		9AD4D6652A5FD5A000146E9B /* Main.storyboard */ = {
			isa = PBXVariantGroup;
			children = (
				9AD4D6662A5FD5A000146E9B /* Base */,
			);
			name = Main.storyboard;
			sourceTree = "<group>";
		};
		9AD4D66A2A5FD5A200146E9B /* LaunchScreen.storyboard */ = {
			isa = PBXVariantGroup;
			children = (
				9AD4D66B2A5FD5A200146E9B /* Base */,
			);
			name = LaunchScreen.storyboard;
			sourceTree = "<group>";
		};
/* End PBXVariantGroup section */

/* Begin XCBuildConfiguration section */
		9AD4D66E2A5FD5A200146E9B /* Debug */ = {
			isa = XCBuildConfiguration;
			buildSettings = {
				ALWAYS_SEARCH_USER_PATHS = NO;
				CLANG_ANALYZER_NONNULL = YES;
				CLANG_ANALYZER_NUMBER_OBJECT_CONVERSION = YES_AGGRESSIVE;
				CLANG_CXX_LANGUAGE_STANDARD = "gnu++20";
				CLANG_ENABLE_MODULES = YES;
				CLANG_ENABLE_OBJC_ARC = YES;
				CLANG_ENABLE_OBJC_WEAK = YES;
				CLANG_WARN_BLOCK_CAPTURE_AUTORELEASING = YES;
				CLANG_WARN_BOOL_CONVERSION = YES;
				CLANG_WARN_COMMA = YES;
				CLANG_WARN_CONSTANT_CONVERSION = YES;
				CLANG_WARN_DEPRECATED_OBJC_IMPLEMENTATIONS = YES;
				CLANG_WARN_DIRECT_OBJC_ISA_USAGE = YES_ERROR;
				CLANG_WARN_DOCUMENTATION_COMMENTS = YES;
				CLANG_WARN_EMPTY_BODY = YES;
				CLANG_WARN_ENUM_CONVERSION = YES;
				CLANG_WARN_INFINITE_RECURSION = YES;
				CLANG_WARN_INT_CONVERSION = YES;
				CLANG_WARN_NON_LITERAL_NULL_CONVERSION = YES;
				CLANG_WARN_OBJC_IMPLICIT_RETAIN_SELF = YES;
				CLANG_WARN_OBJC_LITERAL_CONVERSION = YES;
				CLANG_WARN_OBJC_ROOT_CLASS = YES_ERROR;
				CLANG_WARN_QUOTED_INCLUDE_IN_FRAMEWORK_HEADER = YES;
				CLANG_WARN_RANGE_LOOP_ANALYSIS = YES;
				CLANG_WARN_STRICT_PROTOTYPES = YES;
				CLANG_WARN_SUSPICIOUS_MOVE = YES;
				CLANG_WARN_UNGUARDED_AVAILABILITY = YES_AGGRESSIVE;
				CLANG_WARN_UNREACHABLE_CODE = YES;
				CLANG_WARN__DUPLICATE_METHOD_MATCH = YES;
				COPY_PHASE_STRIP = NO;
				DEBUG_INFORMATION_FORMAT = dwarf;
				ENABLE_STRICT_OBJC_MSGSEND = YES;
				ENABLE_TESTABILITY = YES;
				GCC_C_LANGUAGE_STANDARD = gnu11;
				GCC_DYNAMIC_NO_PIC = NO;
				GCC_NO_COMMON_BLOCKS = YES;
				GCC_OPTIMIZATION_LEVEL = 0;
				GCC_PREPROCESSOR_DEFINITIONS = (
					"DEBUG=1",
					"$(inherited)",
				);
				GCC_WARN_64_TO_32_BIT_CONVERSION = YES;
				GCC_WARN_ABOUT_RETURN_TYPE = YES_ERROR;
				GCC_WARN_UNDECLARED_SELECTOR = YES;
				GCC_WARN_UNINITIALIZED_AUTOS = YES_AGGRESSIVE;
				GCC_WARN_UNUSED_FUNCTION = YES;
				GCC_WARN_UNUSED_VARIABLE = YES;
				IPHONEOS_DEPLOYMENT_TARGET = 16.4;
				MTL_ENABLE_DEBUG_INFO = INCLUDE_SOURCE;
				MTL_FAST_MATH = YES;
				ONLY_ACTIVE_ARCH = YES;
				SDKROOT = iphoneos;
				SWIFT_ACTIVE_COMPILATION_CONDITIONS = DEBUG;
				SWIFT_OPTIMIZATION_LEVEL = "-Onone";
			};
			name = Debug;
		};
		9AD4D66F2A5FD5A200146E9B /* Release */ = {
			isa = XCBuildConfiguration;
			buildSettings = {
				ALWAYS_SEARCH_USER_PATHS = NO;
				CLANG_ANALYZER_NONNULL = YES;
				CLANG_ANALYZER_NUMBER_OBJECT_CONVERSION = YES_AGGRESSIVE;
				CLANG_CXX_LANGUAGE_STANDARD = "gnu++20";
				CLANG_ENABLE_MODULES = YES;
				CLANG_ENABLE_OBJC_ARC = YES;
				CLANG_ENABLE_OBJC_WEAK = YES;
				CLANG_WARN_BLOCK_CAPTURE_AUTORELEASING = YES;
				CLANG_WARN_BOOL_CONVERSION = YES;
				CLANG_WARN_COMMA = YES;
				CLANG_WARN_CONSTANT_CONVERSION = YES;
				CLANG_WARN_DEPRECATED_OBJC_IMPLEMENTATIONS = YES;
				CLANG_WARN_DIRECT_OBJC_ISA_USAGE = YES_ERROR;
				CLANG_WARN_DOCUMENTATION_COMMENTS = YES;
				CLANG_WARN_EMPTY_BODY = YES;
				CLANG_WARN_ENUM_CONVERSION = YES;
				CLANG_WARN_INFINITE_RECURSION = YES;
				CLANG_WARN_INT_CONVERSION = YES;
				CLANG_WARN_NON_LITERAL_NULL_CONVERSION = YES;
				CLANG_WARN_OBJC_IMPLICIT_RETAIN_SELF = YES;
				CLANG_WARN_OBJC_LITERAL_CONVERSION = YES;
				CLANG_WARN_OBJC_ROOT_CLASS = YES_ERROR;
				CLANG_WARN_QUOTED_INCLUDE_IN_FRAMEWORK_HEADER = YES;
				CLANG_WARN_RANGE_LOOP_ANALYSIS = YES;
				CLANG_WARN_STRICT_PROTOTYPES = YES;
				CLANG_WARN_SUSPICIOUS_MOVE = YES;
				CLANG_WARN_UNGUARDED_AVAILABILITY = YES_AGGRESSIVE;
				CLANG_WARN_UNREACHABLE_CODE = YES;
				CLANG_WARN__DUPLICATE_METHOD_MATCH = YES;
				COPY_PHASE_STRIP = NO;
				DEBUG_INFORMATION_FORMAT = "dwarf-with-dsym";
				ENABLE_NS_ASSERTIONS = NO;
				ENABLE_STRICT_OBJC_MSGSEND = YES;
				GCC_C_LANGUAGE_STANDARD = gnu11;
				GCC_NO_COMMON_BLOCKS = YES;
				GCC_WARN_64_TO_32_BIT_CONVERSION = YES;
				GCC_WARN_ABOUT_RETURN_TYPE = YES_ERROR;
				GCC_WARN_UNDECLARED_SELECTOR = YES;
				GCC_WARN_UNINITIALIZED_AUTOS = YES_AGGRESSIVE;
				GCC_WARN_UNUSED_FUNCTION = YES;
				GCC_WARN_UNUSED_VARIABLE = YES;
				IPHONEOS_DEPLOYMENT_TARGET = 16.4;
				MTL_ENABLE_DEBUG_INFO = NO;
				MTL_FAST_MATH = YES;
				SDKROOT = iphoneos;
				SWIFT_COMPILATION_MODE = wholemodule;
				SWIFT_OPTIMIZATION_LEVEL = "-O";
				VALIDATE_PRODUCT = YES;
			};
			name = Release;
		};
		9AD4D6712A5FD5A200146E9B /* Debug */ = {
			isa = XCBuildConfiguration;
			baseConfigurationReference = 7FC868B58273420DD37DC571 /* Pods-Cleaner.debug.xcconfig */;
			buildSettings = {
				ASSETCATALOG_COMPILER_APPICON_NAME = AppIcon;
				ASSETCATALOG_COMPILER_GLOBAL_ACCENT_COLOR_NAME = AccentColor;
				CODE_SIGN_STYLE = Automatic;
				CURRENT_PROJECT_VERSION = 1;
				DEVELOPMENT_TEAM = 2FX323KNBX;
				GENERATE_INFOPLIST_FILE = YES;
				INFOPLIST_FILE = Cleaner/Info.plist;
				INFOPLIST_KEY_NSPhotoLibraryUsageDescription = "";
				INFOPLIST_KEY_UIApplicationSupportsIndirectInputEvents = YES;
				INFOPLIST_KEY_UILaunchStoryboardName = LaunchScreen;
				INFOPLIST_KEY_UIMainStoryboardFile = Main;
				INFOPLIST_KEY_UISupportedInterfaceOrientations_iPad = "UIInterfaceOrientationPortrait UIInterfaceOrientationPortraitUpsideDown UIInterfaceOrientationLandscapeLeft UIInterfaceOrientationLandscapeRight";
				INFOPLIST_KEY_UISupportedInterfaceOrientations_iPhone = "UIInterfaceOrientationPortrait UIInterfaceOrientationLandscapeLeft UIInterfaceOrientationLandscapeRight";
				LD_RUNPATH_SEARCH_PATHS = (
					"$(inherited)",
					"@executable_path/Frameworks",
				);
				MARKETING_VERSION = 1.0;
				PRODUCT_BUNDLE_IDENTIFIER = com.fx.Cleaner;
				PRODUCT_NAME = "$(TARGET_NAME)";
				SWIFT_EMIT_LOC_STRINGS = YES;
				SWIFT_VERSION = 5.0;
				TARGETED_DEVICE_FAMILY = "1,2";
			};
			name = Debug;
		};
		9AD4D6722A5FD5A200146E9B /* Release */ = {
			isa = XCBuildConfiguration;
			baseConfigurationReference = 5F082DA3BF0FFCFA12C4AA7C /* Pods-Cleaner.release.xcconfig */;
			buildSettings = {
				ASSETCATALOG_COMPILER_APPICON_NAME = AppIcon;
				ASSETCATALOG_COMPILER_GLOBAL_ACCENT_COLOR_NAME = AccentColor;
				CODE_SIGN_STYLE = Automatic;
				CURRENT_PROJECT_VERSION = 1;
				DEVELOPMENT_TEAM = 2FX323KNBX;
				GENERATE_INFOPLIST_FILE = YES;
				INFOPLIST_FILE = Cleaner/Info.plist;
				INFOPLIST_KEY_NSPhotoLibraryUsageDescription = "";
				INFOPLIST_KEY_UIApplicationSupportsIndirectInputEvents = YES;
				INFOPLIST_KEY_UILaunchStoryboardName = LaunchScreen;
				INFOPLIST_KEY_UIMainStoryboardFile = Main;
				INFOPLIST_KEY_UISupportedInterfaceOrientations_iPad = "UIInterfaceOrientationPortrait UIInterfaceOrientationPortraitUpsideDown UIInterfaceOrientationLandscapeLeft UIInterfaceOrientationLandscapeRight";
				INFOPLIST_KEY_UISupportedInterfaceOrientations_iPhone = "UIInterfaceOrientationPortrait UIInterfaceOrientationLandscapeLeft UIInterfaceOrientationLandscapeRight";
				LD_RUNPATH_SEARCH_PATHS = (
					"$(inherited)",
					"@executable_path/Frameworks",
				);
				MARKETING_VERSION = 1.0;
				PRODUCT_BUNDLE_IDENTIFIER = com.fx.Cleaner;
				PRODUCT_NAME = "$(TARGET_NAME)";
				SWIFT_EMIT_LOC_STRINGS = YES;
				SWIFT_VERSION = 5.0;
				TARGETED_DEVICE_FAMILY = "1,2";
			};
			name = Release;
		};
/* End XCBuildConfiguration section */

/* Begin XCConfigurationList section */
		9AD4D6572A5FD5A000146E9B /* Build configuration list for PBXProject "Cleaner" */ = {
			isa = XCConfigurationList;
			buildConfigurations = (
				9AD4D66E2A5FD5A200146E9B /* Debug */,
				9AD4D66F2A5FD5A200146E9B /* Release */,
			);
			defaultConfigurationIsVisible = 0;
			defaultConfigurationName = Release;
		};
		9AD4D6702A5FD5A200146E9B /* Build configuration list for PBXNativeTarget "Cleaner" */ = {
			isa = XCConfigurationList;
			buildConfigurations = (
				9AD4D6712A5FD5A200146E9B /* Debug */,
				9AD4D6722A5FD5A200146E9B /* Release */,
			);
			defaultConfigurationIsVisible = 0;
			defaultConfigurationName = Release;
		};
/* End XCConfigurationList section */
	};
	rootObject = 9AD4D6542A5FD5A000146E9B /* Project object */;
}
